// !$*UTF8*$!
{
	archiveVersion = 1;
	classes = {
	};
	objectVersion = 56;
	objects = {

/* Begin PBXBuildFile section */
		687DA6552A72654D002F1FFC /* AppDelegate.swift in Sources */ = {isa = PBXBuildFile; fileRef = 687DA6542A72654D002F1FFC /* AppDelegate.swift */; };
		687DA6572A72654D002F1FFC /* SceneDelegate.swift in Sources */ = {isa = PBXBuildFile; fileRef = 687DA6562A72654D002F1FFC /* SceneDelegate.swift */; };
		687DA6592A72654D002F1FFC /* HomeViewController.swift in Sources */ = {isa = PBXBuildFile; fileRef = 687DA6582A72654D002F1FFC /* HomeViewController.swift */; };
		687DA65C2A72654D002F1FFC /* Main.storyboard in Resources */ = {isa = PBXBuildFile; fileRef = 687DA65A2A72654D002F1FFC /* Main.storyboard */; };
		687DA65E2A72654E002F1FFC /* Assets.xcassets in Resources */ = {isa = PBXBuildFile; fileRef = 687DA65D2A72654E002F1FFC /* Assets.xcassets */; };
		687DA6612A72654E002F1FFC /* LaunchScreen.storyboard in Resources */ = {isa = PBXBuildFile; fileRef = 687DA65F2A72654E002F1FFC /* LaunchScreen.storyboard */; };
		687DA6692A72657F002F1FFC /* DetailsViewController.swift in Sources */ = {isa = PBXBuildFile; fileRef = 687DA6682A72657F002F1FFC /* DetailsViewController.swift */; };
		687DA66C2A726636002F1FFC /* StudentCollectionViewCell.swift in Sources */ = {isa = PBXBuildFile; fileRef = 687DA66A2A726636002F1FFC /* StudentCollectionViewCell.swift */; };
		687DA66D2A726636002F1FFC /* StudentCollectionViewCell.xib in Resources */ = {isa = PBXBuildFile; fileRef = 687DA66B2A726636002F1FFC /* StudentCollectionViewCell.xib */; };
		687DA66F2A726644002F1FFC /* Student.swift in Sources */ = {isa = PBXBuildFile; fileRef = 687DA66E2A726644002F1FFC /* Student.swift */; };
/* End PBXBuildFile section */

/* Begin PBXFileReference section */
		687DA6512A72654D002F1FFC /* 21_06_2023_CollectionViewDay2.app */ = {isa = PBXFileReference; explicitFileType = wrapper.application; includeInIndex = 0; path = 21_06_2023_CollectionViewDay2.app; sourceTree = BUILT_PRODUCTS_DIR; };
		687DA6542A72654D002F1FFC /* AppDelegate.swift */ = {isa = PBXFileReference; lastKnownFileType = sourcecode.swift; path = AppDelegate.swift; sourceTree = "<group>"; };
		687DA6562A72654D002F1FFC /* SceneDelegate.swift */ = {isa = PBXFileReference; lastKnownFileType = sourcecode.swift; path = SceneDelegate.swift; sourceTree = "<group>"; };
		687DA6582A72654D002F1FFC /* HomeViewController.swift */ = {isa = PBXFileReference; lastKnownFileType = sourcecode.swift; path = HomeViewController.swift; sourceTree = "<group>"; };
		687DA65B2A72654D002F1FFC /* Base */ = {isa = PBXFileReference; lastKnownFileType = file.storyboard; name = Base; path = Base.lproj/Main.storyboard; sourceTree = "<group>"; };
		687DA65D2A72654E002F1FFC /* Assets.xcassets */ = {isa = PBXFileReference; lastKnownFileType = folder.assetcatalog; path = Assets.xcassets; sourceTree = "<group>"; };
		687DA6602A72654E002F1FFC /* Base */ = {isa = PBXFileReference; lastKnownFileType = file.storyboard; name = Base; path = Base.lproj/LaunchScreen.storyboard; sourceTree = "<group>"; };
		687DA6622A72654E002F1FFC /* Info.plist */ = {isa = PBXFileReference; lastKnownFileType = text.plist.xml; path = Info.plist; sourceTree = "<group>"; };
		687DA6682A72657F002F1FFC /* DetailsViewController.swift */ = {isa = PBXFileReference; lastKnownFileType = sourcecode.swift; path = DetailsViewController.swift; sourceTree = "<group>"; };
		687DA66A2A726636002F1FFC /* StudentCollectionViewCell.swift */ = {isa = PBXFileReference; lastKnownFileType = sourcecode.swift; path = StudentCollectionViewCell.swift; sourceTree = "<group>"; };
		687DA66B2A726636002F1FFC /* StudentCollectionViewCell.xib */ = {isa = PBXFileReference; lastKnownFileType = file.xib; path = StudentCollectionViewCell.xib; sourceTree = "<group>"; };
		687DA66E2A726644002F1FFC /* Student.swift */ = {isa = PBXFileReference; lastKnownFileType = sourcecode.swift; path = Student.swift; sourceTree = "<group>"; };
/* End PBXFileReference section */

/* Begin PBXFrameworksBuildPhase section */
		687DA64E2A72654D002F1FFC /* Frameworks */ = {
			isa = PBXFrameworksBuildPhase;
			buildActionMask = 2147483647;
			files = (
			);
			runOnlyForDeploymentPostprocessing = 0;
		};
/* End PBXFrameworksBuildPhase section */

/* Begin PBXGroup section */
		687DA6482A72654D002F1FFC = {
			isa = PBXGroup;
			children = (
				687DA6532A72654D002F1FFC /* 21_06_2023_CollectionViewDay2 */,
				687DA6522A72654D002F1FFC /* Products */,
			);
			sourceTree = "<group>";
		};
		687DA6522A72654D002F1FFC /* Products */ = {
			isa = PBXGroup;
			children = (
				687DA6512A72654D002F1FFC /* 21_06_2023_CollectionViewDay2.app */,
			);
			name = Products;
			sourceTree = "<group>";
		};
		687DA6532A72654D002F1FFC /* 21_06_2023_CollectionViewDay2 */ = {
			isa = PBXGroup;
			children = (
				687DA6542A72654D002F1FFC /* AppDelegate.swift */,
				687DA6562A72654D002F1FFC /* SceneDelegate.swift */,
				687DA6582A72654D002F1FFC /* HomeViewController.swift */,
				687DA65A2A72654D002F1FFC /* Main.storyboard */,
				687DA65D2A72654E002F1FFC /* Assets.xcassets */,
				687DA65F2A72654E002F1FFC /* LaunchScreen.storyboard */,
				687DA6622A72654E002F1FFC /* Info.plist */,
				687DA6682A72657F002F1FFC /* DetailsViewController.swift */,
				687DA66A2A726636002F1FFC /* StudentCollectionViewCell.swift */,
				687DA66B2A726636002F1FFC /* StudentCollectionViewCell.xib */,
				687DA66E2A726644002F1FFC /* Student.swift */,
			);
			path = 21_06_2023_CollectionViewDay2;
			sourceTree = "<group>";
		};
/* End PBXGroup section */

/* Begin PBXNativeTarget section */
		687DA6502A72654D002F1FFC /* 21_06_2023_CollectionViewDay2 */ = {
			isa = PBXNativeTarget;
			buildConfigurationList = 687DA6652A72654E002F1FFC /* Build configuration list for PBXNativeTarget "21_06_2023_CollectionViewDay2" */;
			buildPhases = (
				687DA64D2A72654D002F1FFC /* Sources */,
				687DA64E2A72654D002F1FFC /* Frameworks */,
				687DA64F2A72654D002F1FFC /* Resources */,
			);
			buildRules = (
			);
			dependencies = (
			);
			name = 21_06_2023_CollectionViewDay2;
			productName = 21_06_2023_CollectionViewDay2;
			productReference = 687DA6512A72654D002F1FFC /* 21_06_2023_CollectionViewDay2.app */;
			productType = "com.apple.product-type.application";
		};
/* End PBXNativeTarget section */

/* Begin PBXProject section */
		687DA6492A72654D002F1FFC /* Project object */ = {
			isa = PBXProject;
			attributes = {
				BuildIndependentTargetsInParallel = 1;
				LastSwiftUpdateCheck = 1400;
				LastUpgradeCheck = 1400;
				TargetAttributes = {
					687DA6502A72654D002F1FFC = {
						CreatedOnToolsVersion = 14.0;
					};
				};
			};
			buildConfigurationList = 687DA64C2A72654D002F1FFC /* Build configuration list for PBXProject "21_06_2023_CollectionViewDay2" */;
			compatibilityVersion = "Xcode 14.0";
			developmentRegion = en;
			hasScannedForEncodings = 0;
			knownRegions = (
				en,
				Base,
			);
			mainGroup = 687DA6482A72654D002F1FFC;
			productRefGroup = 687DA6522A72654D002F1FFC /* Products */;
			projectDirPath = "";
			projectRoot = "";
			targets = (
				687DA6502A72654D002F1FFC /* 21_06_2023_CollectionViewDay2 */,
			);
		};
/* End PBXProject section */

/* Begin PBXResourcesBuildPhase section */
		687DA64F2A72654D002F1FFC /* Resources */ = {
			isa = PBXResourcesBuildPhase;
			buildActionMask = 2147483647;
			files = (
				687DA66D2A726636002F1FFC /* StudentCollectionViewCell.xib in Resources */,
				687DA6612A72654E002F1FFC /* LaunchScreen.storyboard in Resources */,
				687DA65E2A72654E002F1FFC /* Assets.xcassets in Resources */,
				687DA65C2A72654D002F1FFC /* Main.storyboard in Resources */,
			);
			runOnlyForDeploymentPostprocessing = 0;
		};
/* End PBXResourcesBuildPhase section */

/* Begin PBXSourcesBuildPhase section */
		687DA64D2A72654D002F1FFC /* Sources */ = {
			isa = PBXSourcesBuildPhase;
			buildActionMask = 2147483647;
			files = (
				687DA66C2A726636002F1FFC /* StudentCollectionViewCell.swift in Sources */,
				687DA66F2A726644002F1FFC /* Student.swift in Sources */,
				687DA6592A72654D002F1FFC /* HomeViewController.swift in Sources */,
				687DA6552A72654D002F1FFC /* AppDelegate.swift in Sources */,
				687DA6572A72654D002F1FFC /* SceneDelegate.swift in Sources */,
				687DA6692A72657F002F1FFC /* DetailsViewController.swift in Sources */,
			);
			runOnlyForDeploymentPostprocessing = 0;
		};
/* End PBXSourcesBuildPhase section */

/* Begin PBXVariantGroup section */
		687DA65A2A72654D002F1FFC /* Main.storyboard */ = {
			isa = PBXVariantGroup;
			children = (
				687DA65B2A72654D002F1FFC /* Base */,
			);
			name = Main.storyboard;
			sourceTree = "<group>";
		};
		687DA65F2A72654E002F1FFC /* LaunchScreen.storyboard */ = {
			isa = PBXVariantGroup;
			children = (
				687DA6602A72654E002F1FFC /* Base */,
			);
			name = LaunchScreen.storyboard;
			sourceTree = "<group>";
		};
/* End PBXVariantGroup section */

/* Begin XCBuildConfiguration section */
		687DA6632A72654E002F1FFC /* Debug */ = {
			isa = XCBuildConfiguration;
			buildSettings = {
				ALWAYS_SEARCH_USER_PATHS = NO;
				CLANG_ANALYZER_NONNULL = YES;
				CLANG_ANALYZER_NUMBER_OBJECT_CONVERSION = YES_AGGRESSIVE;
				CLANG_CXX_LANGUAGE_STANDARD = "gnu++20";
				CLANG_ENABLE_MODULES = YES;
				CLANG_ENABLE_OBJC_ARC = YES;
				CLANG_ENABLE_OBJC_WEAK = YES;
				CLANG_WARN_BLOCK_CAPTURE_AUTORELEASING = YES;
				CLANG_WARN_BOOL_CONVERSION = YES;
				CLANG_WARN_COMMA = YES;
				CLANG_WARN_CONSTANT_CONVERSION = YES;
				CLANG_WARN_DEPRECATED_OBJC_IMPLEMENTATIONS = YES;
				CLANG_WARN_DIRECT_OBJC_ISA_USAGE = YES_ERROR;
				CLANG_WARN_DOCUMENTATION_COMMENTS = YES;
				CLANG_WARN_EMPTY_BODY = YES;
				CLANG_WARN_ENUM_CONVERSION = YES;
				CLANG_WARN_INFINITE_RECURSION = YES;
				CLANG_WARN_INT_CONVERSION = YES;
				CLANG_WARN_NON_LITERAL_NULL_CONVERSION = YES;
				CLANG_WARN_OBJC_IMPLICIT_RETAIN_SELF = YES;
				CLANG_WARN_OBJC_LITERAL_CONVERSION = YES;
				CLANG_WARN_OBJC_ROOT_CLASS = YES_ERROR;
				CLANG_WARN_QUOTED_INCLUDE_IN_FRAMEWORK_HEADER = YES;
				CLANG_WARN_RANGE_LOOP_ANALYSIS = YES;
				CLANG_WARN_STRICT_PROTOTYPES = YES;
				CLANG_WARN_SUSPICIOUS_MOVE = YES;
				CLANG_WARN_UNGUARDED_AVAILABILITY = YES_AGGRESSIVE;
				CLANG_WARN_UNREACHABLE_CODE = YES;
				CLANG_WARN__DUPLICATE_METHOD_MATCH = YES;
				COPY_PHASE_STRIP = NO;
				DEBUG_INFORMATION_FORMAT = dwarf;
				ENABLE_STRICT_OBJC_MSGSEND = YES;
				ENABLE_TESTABILITY = YES;
				GCC_C_LANGUAGE_STANDARD = gnu11;
				GCC_DYNAMIC_NO_PIC = NO;
				GCC_NO_COMMON_BLOCKS = YES;
				GCC_OPTIMIZATION_LEVEL = 0;
				GCC_PREPROCESSOR_DEFINITIONS = (
					"DEBUG=1",
					"$(inherited)",
				);
				GCC_WARN_64_TO_32_BIT_CONVERSION = YES;
				GCC_WARN_ABOUT_RETURN_TYPE = YES_ERROR;
				GCC_WARN_UNDECLARED_SELECTOR = YES;
				GCC_WARN_UNINITIALIZED_AUTOS = YES_AGGRESSIVE;
				GCC_WARN_UNUSED_FUNCTION = YES;
				GCC_WARN_UNUSED_VARIABLE = YES;
				IPHONEOS_DEPLOYMENT_TARGET = 16.0;
				MTL_ENABLE_DEBUG_INFO = INCLUDE_SOURCE;
				MTL_FAST_MATH = YES;
				ONLY_ACTIVE_ARCH = YES;
				SDKROOT = iphoneos;
				SWIFT_ACTIVE_COMPILATION_CONDITIONS = DEBUG;
				SWIFT_OPTIMIZATION_LEVEL = "-Onone";
			};
			name = Debug;
		};
		687DA6642A72654E002F1FFC /* Release */ = {
			isa = XCBuildConfiguration;
			buildSettings = {
				ALWAYS_SEARCH_USER_PATHS = NO;
				CLANG_ANALYZER_NONNULL = YES;
				CLANG_ANALYZER_NUMBER_OBJECT_CONVERSION = YES_AGGRESSIVE;
				CLANG_CXX_LANGUAGE_STANDARD = "gnu++20";
				CLANG_ENABLE_MODULES = YES;
				CLANG_ENABLE_OBJC_ARC = YES;
				CLANG_ENABLE_OBJC_WEAK = YES;
				CLANG_WARN_BLOCK_CAPTURE_AUTORELEASING = YES;
				CLANG_WARN_BOOL_CONVERSION = YES;
				CLANG_WARN_COMMA = YES;
				CLANG_WARN_CONSTANT_CONVERSION = YES;
				CLANG_WARN_DEPRECATED_OBJC_IMPLEMENTATIONS = YES;
				CLANG_WARN_DIRECT_OBJC_ISA_USAGE = YES_ERROR;
				CLANG_WARN_DOCUMENTATION_COMMENTS = YES;
				CLANG_WARN_EMPTY_BODY = YES;
				CLANG_WARN_ENUM_CONVERSION = YES;
				CLANG_WARN_INFINITE_RECURSION = YES;
				CLANG_WARN_INT_CONVERSION = YES;
				CLANG_WARN_NON_LITERAL_NULL_CONVERSION = YES;
				CLANG_WARN_OBJC_IMPLICIT_RETAIN_SELF = YES;
				CLANG_WARN_OBJC_LITERAL_CONVERSION = YES;
				CLANG_WARN_OBJC_ROOT_CLASS = YES_ERROR;
				CLANG_WARN_QUOTED_INCLUDE_IN_FRAMEWORK_HEADER = YES;
				CLANG_WARN_RANGE_LOOP_ANALYSIS = YES;
				CLANG_WARN_STRICT_PROTOTYPES = YES;
				CLANG_WARN_SUSPICIOUS_MOVE = YES;
				CLANG_WARN_UNGUARDED_AVAILABILITY = YES_AGGRESSIVE;
				CLANG_WARN_UNREACHABLE_CODE = YES;
				CLANG_WARN__DUPLICATE_METHOD_MATCH = YES;
				COPY_PHASE_STRIP = NO;
				DEBUG_INFORMATION_FORMAT = "dwarf-with-dsym";
				ENABLE_NS_ASSERTIONS = NO;
				ENABLE_STRICT_OBJC_MSGSEND = YES;
				GCC_C_LANGUAGE_STANDARD = gnu11;
				GCC_NO_COMMON_BLOCKS = YES;
				GCC_WARN_64_TO_32_BIT_CONVERSION = YES;
				GCC_WARN_ABOUT_RETURN_TYPE = YES_ERROR;
				GCC_WARN_UNDECLARED_SELECTOR = YES;
				GCC_WARN_UNINITIALIZED_AUTOS = YES_AGGRESSIVE;
				GCC_WARN_UNUSED_FUNCTION = YES;
				GCC_WARN_UNUSED_VARIABLE = YES;
				IPHONEOS_DEPLOYMENT_TARGET = 16.0;
				MTL_ENABLE_DEBUG_INFO = NO;
				MTL_FAST_MATH = YES;
				SDKROOT = iphoneos;
				SWIFT_COMPILATION_MODE = wholemodule;
				SWIFT_OPTIMIZATION_LEVEL = "-O";
				VALIDATE_PRODUCT = YES;
			};
			name = Release;
		};
		687DA6662A72654E002F1FFC /* Debug */ = {
			isa = XCBuildConfiguration;
			buildSettings = {
				ASSETCATALOG_COMPILER_APPICON_NAME = AppIcon;
				ASSETCATALOG_COMPILER_GLOBAL_ACCENT_COLOR_NAME = AccentColor;
				CODE_SIGN_STYLE = Automatic;
				CURRENT_PROJECT_VERSION = 1;
				DEVELOPMENT_TEAM = V8WE74Y3MG;
				GENERATE_INFOPLIST_FILE = YES;
				INFOPLIST_FILE = 21_06_2023_CollectionViewDay2/Info.plist;
				INFOPLIST_KEY_UIApplicationSupportsIndirectInputEvents = YES;
				INFOPLIST_KEY_UILaunchStoryboardName = LaunchScreen;
				INFOPLIST_KEY_UIMainStoryboardFile = Main;
				INFOPLIST_KEY_UISupportedInterfaceOrientations_iPad = "UIInterfaceOrientationPortrait UIInterfaceOrientationPortraitUpsideDown UIInterfaceOrientationLandscapeLeft UIInterfaceOrientationLandscapeRight";
				INFOPLIST_KEY_UISupportedInterfaceOrientations_iPhone = "UIInterfaceOrientationPortrait UIInterfaceOrientationLandscapeLeft UIInterfaceOrientationLandscapeRight";
				LD_RUNPATH_SEARCH_PATHS = (
					"$(inherited)",
					"@executable_path/Frameworks",
				);
				MARKETING_VERSION = 1.0;
				PRODUCT_BUNDLE_IDENTIFIER = "in.bitcode.-1-06-2023-CollectionViewDay2";
				PRODUCT_NAME = "$(TARGET_NAME)";
				SWIFT_EMIT_LOC_STRINGS = YES;
				SWIFT_VERSION = 5.0;
				TARGETED_DEVICE_FAMILY = "1,2";
			};
			name = Debug;
		};
		687DA6672A72654E002F1FFC /* Release */ = {
			isa = XCBuildConfiguration;
			buildSettings = {
				ASSETCATALOG_COMPILER_APPICON_NAME = AppIcon;
				ASSETCATALOG_COMPILER_GLOBAL_ACCENT_COLOR_NAME = AccentColor;
				CODE_SIGN_STYLE = Automatic;
				CURRENT_PROJECT_VERSION = 1;
				DEVELOPMENT_TEAM = V8WE74Y3MG;
				GENERATE_INFOPLIST_FILE = YES;
				INFOPLIST_FILE = 21_06_2023_CollectionViewDay2/Info.plist;
				INFOPLIST_KEY_UIApplicationSupportsIndirectInputEvents = YES;
				INFOPLIST_KEY_UILaunchStoryboardName = LaunchScreen;
				INFOPLIST_KEY_UIMainStoryboardFile = Main;
				INFOPLIST_KEY_UISupportedInterfaceOrientations_iPad = "UIInterfaceOrientationPortrait UIInterfaceOrientationPortraitUpsideDown UIInterfaceOrientationLandscapeLeft UIInterfaceOrientationLandscapeRight";
				INFOPLIST_KEY_UISupportedInterfaceOrientations_iPhone = "UIInterfaceOrientationPortrait UIInterfaceOrientationLandscapeLeft UIInterfaceOrientationLandscapeRight";
				LD_RUNPATH_SEARCH_PATHS = (
					"$(inherited)",
					"@executable_path/Frameworks",
				);
				MARKETING_VERSION = 1.0;
				PRODUCT_BUNDLE_IDENTIFIER = "in.bitcode.-1-06-2023-CollectionViewDay2";
				PRODUCT_NAME = "$(TARGET_NAME)";
				SWIFT_EMIT_LOC_STRINGS = YES;
				SWIFT_VERSION = 5.0;
				TARGETED_DEVICE_FAMILY = "1,2";
			};
			name = Release;
		};
/* End XCBuildConfiguration section */

/* Begin XCConfigurationList section */
		687DA64C2A72654D002F1FFC /* Build configuration list for PBXProject "21_06_2023_CollectionViewDay2" */ = {
			isa = XCConfigurationList;
			buildConfigurations = (
				687DA6632A72654E002F1FFC /* Debug */,
				687DA6642A72654E002F1FFC /* Release */,
			);
			defaultConfigurationIsVisible = 0;
			defaultConfigurationName = Release;
		};
		687DA6652A72654E002F1FFC /* Build configuration list for PBXNativeTarget "21_06_2023_CollectionViewDay2" */ = {
			isa = XCConfigurationList;
			buildConfigurations = (
				687DA6662A72654E002F1FFC /* Debug */,
				687DA6672A72654E002F1FFC /* Release */,
			);
			defaultConfigurationIsVisible = 0;
			defaultConfigurationName = Release;
		};
/* End XCConfigurationList section */
	};
	rootObject = 687DA6492A72654D002F1FFC /* Project object */;
}
